
Microsoft Visual Studio Solution File, Format Version 12.00
# Visual Studio Version 16
VisualStudioVersion = 16.0.29009.5
MinimumVisualStudioVersion = 10.0.40219.1
Project("{00D1A9C2-B5F0-4AF3-8072-F6C62B433612}") = "AdventureWorks", "AdventureWorks\AdventureWorks.sqlproj", "{C3AB9142-37A5-4956-8E84-31F59AF94DCF}"
EndProject
Project("{FAE04EC0-301F-11D3-BF4B-00C04F79EFBC}") = "AdventureWorks.Tests", "AdventureWorks.Tests\AdventureWorks.Tests.csproj", "{EEE7B880-A0DA-4D9E-830B-74F4E22176FF}"
EndProject
Global
	GlobalSection(SolutionConfigurationPlatforms) = preSolution
		Debug|Any CPU = Debug|Any CPU
		Release|Any CPU = Release|Any CPU
	EndGlobalSection
	GlobalSection(ProjectConfigurationPlatforms) = postSolution
		{C3AB9142-37A5-4956-8E84-31F59AF94DCF}.Debug|Any CPU.ActiveCfg = Debug|Any CPU
		{C3AB9142-37A5-4956-8E84-31F59AF94DCF}.Debug|Any CPU.Build.0 = Debug|Any CPU
		{C3AB9142-37A5-4956-8E84-31F59AF94DCF}.Debug|Any CPU.Deploy.0 = Debug|Any CPU
		{C3AB9142-37A5-4956-8E84-31F59AF94DCF}.Release|Any CPU.ActiveCfg = Release|Any CPU
		{C3AB9142-37A5-4956-8E84-31F59AF94DCF}.Release|Any CPU.Build.0 = Release|Any CPU
		{C3AB9142-37A5-4956-8E84-31F59AF94DCF}.Release|Any CPU.Deploy.0 = Release|Any CPU
		{EEE7B880-A0DA-4D9E-830B-74F4E22176FF}.Debug|Any CPU.ActiveCfg = Debug|Any CPU
		{EEE7B880-A0DA-4D9E-830B-74F4E22176FF}.Debug|Any CPU.Build.0 = Debug|Any CPU
		{EEE7B880-A0DA-4D9E-830B-74F4E22176FF}.Release|Any CPU.ActiveCfg = Release|Any CPU
		{EEE7B880-A0DA-4D9E-830B-74F4E22176FF}.Release|Any CPU.Build.0 = Release|Any CPU
	EndGlobalSection
	GlobalSection(SolutionProperties) = preSolution
		HideSolutionNode = FALSE
	EndGlobalSection
	GlobalSection(ExtensibilityGlobals) = postSolution
		SolutionGuid = {B672C2C6-4FB9-4744-8CF7-110C0B398FF9}
	EndGlobalSection
EndGlobal
